Microsoft Visual Studio Solution File, Format Version 12.00
# Visual Studio Version 17
VisualStudioVersion = 17.5.2.0
MinimumVisualStudioVersion = 10.0.40219.1
Project("{FAE04EC0-301F-11D3-BF4B-00C04F79EFBC}") = "odev", "odev.csproj", "{3417E7CB-C502-3B84-A253-4FC87FF5B5FE}"
EndProject
Global
	GlobalSection(SolutionConfigurationPlatforms) = preSolution
		Debug|Any CPU = Debug|Any CPU
		Release|Any CPU = Release|Any CPU
	EndGlobalSection
	GlobalSection(ProjectConfigurationPlatforms) = postSolution
		{3417E7CB-C502-3B84-A253-4FC87FF5B5FE}.Debug|Any CPU.ActiveCfg = Debug|Any CPU
		{3417E7CB-C502-3B84-A253-4FC87FF5B5FE}.Debug|Any CPU.Build.0 = Debug|Any CPU
		{3417E7CB-C502-3B84-A253-4FC87FF5B5FE}.Release|Any CPU.ActiveCfg = Release|Any CPU
		{3417E7CB-C502-3B84-A253-4FC87FF5B5FE}.Release|Any CPU.Build.0 = Release|Any CPU
	EndGlobalSection
	GlobalSection(SolutionProperties) = preSolution
		HideSolutionNode = FALSE
	EndGlobalSection
	GlobalSection(ExtensibilityGlobals) = postSolution
		SolutionGuid = {82E2B8BD-7D1D-49C0-9017-EEC96496C6DD}
	EndGlobalSection
EndGlobal
